
Microsoft Visual Studio Solution File, Format Version 12.00
# Visual Studio Version 17
VisualStudioVersion = 17.4.33122.133
MinimumVisualStudioVersion = 10.0.40219.1
Project("{FAE04EC0-301F-11D3-BF4B-00C04F79EFBC}") = "WebApiConsultasMedicas", "WebApiConsultasMedicas\WebApiConsultasMedicas.csproj", "{DC234E60-0AB0-444F-8EB1-4A3BF22AC23E}"
EndProject
Global
	GlobalSection(SolutionConfigurationPlatforms) = preSolution
		Debug|Any CPU = Debug|Any CPU
		Release|Any CPU = Release|Any CPU
	EndGlobalSection
	GlobalSection(ProjectConfigurationPlatforms) = postSolution
		{DC234E60-0AB0-444F-8EB1-4A3BF22AC23E}.Debug|Any CPU.ActiveCfg = Debug|Any CPU
		{DC234E60-0AB0-444F-8EB1-4A3BF22AC23E}.Debug|Any CPU.Build.0 = Debug|Any CPU
		{DC234E60-0AB0-444F-8EB1-4A3BF22AC23E}.Release|Any CPU.ActiveCfg = Release|Any CPU
		{DC234E60-0AB0-444F-8EB1-4A3BF22AC23E}.Release|Any CPU.Build.0 = Release|Any CPU
	EndGlobalSection
	GlobalSection(SolutionProperties) = preSolution
		HideSolutionNode = FALSE
	EndGlobalSection
	GlobalSection(ExtensibilityGlobals) = postSolution
		SolutionGuid = {37512747-BC9B-4663-AD2E-82854D14A493}
	EndGlobalSection
EndGlobal
